
Microsoft Visual Studio Solution File, Format Version 12.00
# Visual Studio Version 17
VisualStudioVersion = 17.5.33516.290
MinimumVisualStudioVersion = 10.0.40219.1
Project("{FAE04EC0-301F-11D3-BF4B-00C04F79EFBC}") = "atividade_17", "atividade_17\atividade_17.csproj", "{EB5214E3-61C5-41AF-9C9D-A89EB7C1228A}"
EndProject
Global
	GlobalSection(SolutionConfigurationPlatforms) = preSolution
		Debug|Any CPU = Debug|Any CPU
		Release|Any CPU = Release|Any CPU
	EndGlobalSection
	GlobalSection(ProjectConfigurationPlatforms) = postSolution
		{EB5214E3-61C5-41AF-9C9D-A89EB7C1228A}.Debug|Any CPU.ActiveCfg = Debug|Any CPU
		{EB5214E3-61C5-41AF-9C9D-A89EB7C1228A}.Debug|Any CPU.Build.0 = Debug|Any CPU
		{EB5214E3-61C5-41AF-9C9D-A89EB7C1228A}.Release|Any CPU.ActiveCfg = Release|Any CPU
		{EB5214E3-61C5-41AF-9C9D-A89EB7C1228A}.Release|Any CPU.Build.0 = Release|Any CPU
	EndGlobalSection
	GlobalSection(SolutionProperties) = preSolution
		HideSolutionNode = FALSE
	EndGlobalSection
	GlobalSection(ExtensibilityGlobals) = postSolution
		SolutionGuid = {0A440B9E-1B77-4C84-AA8B-690E6CB52141}
	EndGlobalSection
EndGlobal
