
Microsoft Visual Studio Solution File, Format Version 12.00
# Visual Studio Version 17
VisualStudioVersion = 17.5.33516.290
MinimumVisualStudioVersion = 10.0.40219.1
Project("{FAE04EC0-301F-11D3-BF4B-00C04F79EFBC}") = "Desafio2_ativ7", "Desafio2_ativ7\Desafio2_ativ7.csproj", "{4E2B643C-517A-4E6E-8DAF-AF3A82C0FA8F}"
EndProject
Global
	GlobalSection(SolutionConfigurationPlatforms) = preSolution
		Debug|Any CPU = Debug|Any CPU
		Release|Any CPU = Release|Any CPU
	EndGlobalSection
	GlobalSection(ProjectConfigurationPlatforms) = postSolution
		{4E2B643C-517A-4E6E-8DAF-AF3A82C0FA8F}.Debug|Any CPU.ActiveCfg = Debug|Any CPU
		{4E2B643C-517A-4E6E-8DAF-AF3A82C0FA8F}.Debug|Any CPU.Build.0 = Debug|Any CPU
		{4E2B643C-517A-4E6E-8DAF-AF3A82C0FA8F}.Release|Any CPU.ActiveCfg = Release|Any CPU
		{4E2B643C-517A-4E6E-8DAF-AF3A82C0FA8F}.Release|Any CPU.Build.0 = Release|Any CPU
	EndGlobalSection
	GlobalSection(SolutionProperties) = preSolution
		HideSolutionNode = FALSE
	EndGlobalSection
	GlobalSection(ExtensibilityGlobals) = postSolution
		SolutionGuid = {AD6DF0B5-5CC1-4748-81A6-23EEEB2CFCA7}
	EndGlobalSection
EndGlobal
