
Microsoft Visual Studio Solution File, Format Version 12.00
# Visual Studio Version 17
VisualStudioVersion = 17.5.33516.290
MinimumVisualStudioVersion = 10.0.40219.1
Project("{FAE04EC0-301F-11D3-BF4B-00C04F79EFBC}") = "Desafio1_quest5", "Desafio1_quest5\Desafio1_quest5.csproj", "{80E155E0-03CA-43CF-B205-AA5E88EEB780}"
EndProject
Global
	GlobalSection(SolutionConfigurationPlatforms) = preSolution
		Debug|Any CPU = Debug|Any CPU
		Release|Any CPU = Release|Any CPU
	EndGlobalSection
	GlobalSection(ProjectConfigurationPlatforms) = postSolution
		{80E155E0-03CA-43CF-B205-AA5E88EEB780}.Debug|Any CPU.ActiveCfg = Debug|Any CPU
		{80E155E0-03CA-43CF-B205-AA5E88EEB780}.Debug|Any CPU.Build.0 = Debug|Any CPU
		{80E155E0-03CA-43CF-B205-AA5E88EEB780}.Release|Any CPU.ActiveCfg = Release|Any CPU
		{80E155E0-03CA-43CF-B205-AA5E88EEB780}.Release|Any CPU.Build.0 = Release|Any CPU
	EndGlobalSection
	GlobalSection(SolutionProperties) = preSolution
		HideSolutionNode = FALSE
	EndGlobalSection
	GlobalSection(ExtensibilityGlobals) = postSolution
		SolutionGuid = {E4DDF4A1-663C-473C-AE8C-06D0807B5EEB}
	EndGlobalSection
EndGlobal
