
Microsoft Visual Studio Solution File, Format Version 12.00
# Visual Studio Version 17
VisualStudioVersion = 17.5.33516.290
MinimumVisualStudioVersion = 10.0.40219.1
Project("{FAE04EC0-301F-11D3-BF4B-00C04F79EFBC}") = "atividade_14", "atividade_14\atividade_14.csproj", "{3B3C314D-C0F3-46F5-838D-0523C52B776B}"
EndProject
Global
	GlobalSection(SolutionConfigurationPlatforms) = preSolution
		Debug|Any CPU = Debug|Any CPU
		Release|Any CPU = Release|Any CPU
	EndGlobalSection
	GlobalSection(ProjectConfigurationPlatforms) = postSolution
		{3B3C314D-C0F3-46F5-838D-0523C52B776B}.Debug|Any CPU.ActiveCfg = Debug|Any CPU
		{3B3C314D-C0F3-46F5-838D-0523C52B776B}.Debug|Any CPU.Build.0 = Debug|Any CPU
		{3B3C314D-C0F3-46F5-838D-0523C52B776B}.Release|Any CPU.ActiveCfg = Release|Any CPU
		{3B3C314D-C0F3-46F5-838D-0523C52B776B}.Release|Any CPU.Build.0 = Release|Any CPU
	EndGlobalSection
	GlobalSection(SolutionProperties) = preSolution
		HideSolutionNode = FALSE
	EndGlobalSection
	GlobalSection(ExtensibilityGlobals) = postSolution
		SolutionGuid = {3E7028E6-3E63-452F-B9D1-9F665EAC6C88}
	EndGlobalSection
EndGlobal
