
Microsoft Visual Studio Solution File, Format Version 12.00
# Visual Studio Version 17
VisualStudioVersion = 17.5.33516.290
MinimumVisualStudioVersion = 10.0.40219.1
Project("{FAE04EC0-301F-11D3-BF4B-00C04F79EFBC}") = "atividade_18", "atividade_18\atividade_18.csproj", "{7F3A6C93-8E53-48D9-96AE-90DA17CD3141}"
EndProject
Global
	GlobalSection(SolutionConfigurationPlatforms) = preSolution
		Debug|Any CPU = Debug|Any CPU
		Release|Any CPU = Release|Any CPU
	EndGlobalSection
	GlobalSection(ProjectConfigurationPlatforms) = postSolution
		{7F3A6C93-8E53-48D9-96AE-90DA17CD3141}.Debug|Any CPU.ActiveCfg = Debug|Any CPU
		{7F3A6C93-8E53-48D9-96AE-90DA17CD3141}.Debug|Any CPU.Build.0 = Debug|Any CPU
		{7F3A6C93-8E53-48D9-96AE-90DA17CD3141}.Release|Any CPU.ActiveCfg = Release|Any CPU
		{7F3A6C93-8E53-48D9-96AE-90DA17CD3141}.Release|Any CPU.Build.0 = Release|Any CPU
	EndGlobalSection
	GlobalSection(SolutionProperties) = preSolution
		HideSolutionNode = FALSE
	EndGlobalSection
	GlobalSection(ExtensibilityGlobals) = postSolution
		SolutionGuid = {151D12FD-56C1-4738-AD3F-7BF6BC7B045A}
	EndGlobalSection
EndGlobal
