
Microsoft Visual Studio Solution File, Format Version 12.00
# Visual Studio Version 17
VisualStudioVersion = 17.5.33516.290
MinimumVisualStudioVersion = 10.0.40219.1
Project("{FAE04EC0-301F-11D3-BF4B-00C04F79EFBC}") = "atividade_19", "atividade_19\atividade_19.csproj", "{1C627F4D-5344-483D-BAD0-7D9542A35806}"
EndProject
Global
	GlobalSection(SolutionConfigurationPlatforms) = preSolution
		Debug|Any CPU = Debug|Any CPU
		Release|Any CPU = Release|Any CPU
	EndGlobalSection
	GlobalSection(ProjectConfigurationPlatforms) = postSolution
		{1C627F4D-5344-483D-BAD0-7D9542A35806}.Debug|Any CPU.ActiveCfg = Debug|Any CPU
		{1C627F4D-5344-483D-BAD0-7D9542A35806}.Debug|Any CPU.Build.0 = Debug|Any CPU
		{1C627F4D-5344-483D-BAD0-7D9542A35806}.Release|Any CPU.ActiveCfg = Release|Any CPU
		{1C627F4D-5344-483D-BAD0-7D9542A35806}.Release|Any CPU.Build.0 = Release|Any CPU
	EndGlobalSection
	GlobalSection(SolutionProperties) = preSolution
		HideSolutionNode = FALSE
	EndGlobalSection
	GlobalSection(ExtensibilityGlobals) = postSolution
		SolutionGuid = {28CED3C7-428A-401B-A4BA-D141E7417148}
	EndGlobalSection
EndGlobal
