
Microsoft Visual Studio Solution File, Format Version 12.00
# Visual Studio Version 17
VisualStudioVersion = 17.5.33516.290
MinimumVisualStudioVersion = 10.0.40219.1
Project("{FAE04EC0-301F-11D3-BF4B-00C04F79EFBC}") = "Exercicio2_atividade15", "Exercicio2_atividade15\Exercicio2_atividade15.csproj", "{86EEEF3E-BA87-433A-9079-D394E123F939}"
EndProject
Global
	GlobalSection(SolutionConfigurationPlatforms) = preSolution
		Debug|Any CPU = Debug|Any CPU
		Release|Any CPU = Release|Any CPU
	EndGlobalSection
	GlobalSection(ProjectConfigurationPlatforms) = postSolution
		{86EEEF3E-BA87-433A-9079-D394E123F939}.Debug|Any CPU.ActiveCfg = Debug|Any CPU
		{86EEEF3E-BA87-433A-9079-D394E123F939}.Debug|Any CPU.Build.0 = Debug|Any CPU
		{86EEEF3E-BA87-433A-9079-D394E123F939}.Release|Any CPU.ActiveCfg = Release|Any CPU
		{86EEEF3E-BA87-433A-9079-D394E123F939}.Release|Any CPU.Build.0 = Release|Any CPU
	EndGlobalSection
	GlobalSection(SolutionProperties) = preSolution
		HideSolutionNode = FALSE
	EndGlobalSection
	GlobalSection(ExtensibilityGlobals) = postSolution
		SolutionGuid = {BB5900FE-7BB4-48AE-B505-1248D2A1EF36}
	EndGlobalSection
EndGlobal
